
Microsoft Visual Studio Solution File, Format Version 12.00
# Visual Studio 2012
Project("{FAE04EC0-301F-11D3-BF4B-00C04F79EFBC}") = "plUploadDemo", "plUploadDemo\plUploadDemo.csproj", "{4148752D-A919-4DF4-82AF-3960E207E69A}"
EndProject
Project("{FAE04EC0-301F-11D3-BF4B-00C04F79EFBC}") = "Westwind.plUploadHandler", "Westwind.plUploadHandler\Westwind.plUploadHandler.csproj", "{913A8E97-DC0B-4D26-AB59-4AC5C232910E}"
EndProject
Global
	GlobalSection(SolutionConfigurationPlatforms) = preSolution
		Debug|Any CPU = Debug|Any CPU
		Release|Any CPU = Release|Any CPU
	EndGlobalSection
	GlobalSection(ProjectConfigurationPlatforms) = postSolution
		{4148752D-A919-4DF4-82AF-3960E207E69A}.Debug|Any CPU.ActiveCfg = Debug|Any CPU
		{4148752D-A919-4DF4-82AF-3960E207E69A}.Debug|Any CPU.Build.0 = Debug|Any CPU
		{4148752D-A919-4DF4-82AF-3960E207E69A}.Release|Any CPU.ActiveCfg = Release|Any CPU
		{4148752D-A919-4DF4-82AF-3960E207E69A}.Release|Any CPU.Build.0 = Release|Any CPU
		{913A8E97-DC0B-4D26-AB59-4AC5C232910E}.Debug|Any CPU.ActiveCfg = Debug|Any CPU
		{913A8E97-DC0B-4D26-AB59-4AC5C232910E}.Debug|Any CPU.Build.0 = Debug|Any CPU
		{913A8E97-DC0B-4D26-AB59-4AC5C232910E}.Release|Any CPU.ActiveCfg = Release|Any CPU
		{913A8E97-DC0B-4D26-AB59-4AC5C232910E}.Release|Any CPU.Build.0 = Release|Any CPU
	EndGlobalSection
	GlobalSection(SolutionProperties) = preSolution
		HideSolutionNode = FALSE
	EndGlobalSection
EndGlobal
